// !$*UTF8*$!
{
	archiveVersion = 1;
	classes = {
	};
	objectVersion = 48;
	objects = {

/* Begin PBXBuildFile section */
		3087A74B1FFD6EE4008AD1CE /* AppDelegate.swift in Sources */ = {isa = PBXBuildFile; fileRef = 3087A74A1FFD6EE4008AD1CE /* AppDelegate.swift */; };
		3087A74D1FFD6EE4008AD1CE /* ViewController.swift in Sources */ = {isa = PBXBuildFile; fileRef = 3087A74C1FFD6EE4008AD1CE /* ViewController.swift */; };
		3087A7501FFD6EE4008AD1CE /* Main.storyboard in Resources */ = {isa = PBXBuildFile; fileRef = 3087A74E1FFD6EE4008AD1CE /* Main.storyboard */; };
		3087A7531FFD6EE4008AD1CE /* PlayerTestV02.xcdatamodeld in Sources */ = {isa = PBXBuildFile; fileRef = 3087A7511FFD6EE4008AD1CE /* PlayerTestV02.xcdatamodeld */; };
		3087A7581FFD6EE5008AD1CE /* LaunchScreen.storyboard in Resources */ = {isa = PBXBuildFile; fileRef = 3087A7561FFD6EE5008AD1CE /* LaunchScreen.storyboard */; };
		3087A7691FFD815D008AD1CE /* public_html in Resources */ = {isa = PBXBuildFile; fileRef = 3087A7681FFD815D008AD1CE /* public_html */; };
		30A514E31FFF04B9004B85C4 /* assets.xcassets in Resources */ = {isa = PBXBuildFile; fileRef = 30A514E21FFF04B9004B85C4 /* assets.xcassets */; };
/* End PBXBuildFile section */

/* Begin PBXFileReference section */
		3087A7471FFD6EE4008AD1CE /* PlayerTestV02.app */ = {isa = PBXFileReference; explicitFileType = wrapper.application; includeInIndex = 0; path = PlayerTestV02.app; sourceTree = BUILT_PRODUCTS_DIR; };
		3087A74A1FFD6EE4008AD1CE /* AppDelegate.swift */ = {isa = PBXFileReference; lastKnownFileType = sourcecode.swift; path = AppDelegate.swift; sourceTree = "<group>"; };
		3087A74C1FFD6EE4008AD1CE /* ViewController.swift */ = {isa = PBXFileReference; lastKnownFileType = sourcecode.swift; path = ViewController.swift; sourceTree = "<group>"; };
		3087A74F1FFD6EE4008AD1CE /* Base */ = {isa = PBXFileReference; lastKnownFileType = file.storyboard; name = Base; path = Base.lproj/Main.storyboard; sourceTree = "<group>"; };
		3087A7521FFD6EE4008AD1CE /* PlayerTestV02.xcdatamodel */ = {isa = PBXFileReference; lastKnownFileType = wrapper.xcdatamodel; path = PlayerTestV02.xcdatamodel; sourceTree = "<group>"; };
		3087A7571FFD6EE5008AD1CE /* Base */ = {isa = PBXFileReference; lastKnownFileType = file.storyboard; name = Base; path = Base.lproj/LaunchScreen.storyboard; sourceTree = "<group>"; };
		3087A7591FFD6EE5008AD1CE /* Info.plist */ = {isa = PBXFileReference; lastKnownFileType = text.plist.xml; path = Info.plist; sourceTree = "<group>"; };
		3087A7681FFD815D008AD1CE /* public_html */ = {isa = PBXFileReference; lastKnownFileType = folder; path = public_html; sourceTree = "<group>"; };
		30A514DC1FFEC9E3004B85C4 /* PlayerTestV02-Bridging-Header.h */ = {isa = PBXFileReference; lastKnownFileType = sourcecode.c.h; path = "PlayerTestV02-Bridging-Header.h"; sourceTree = "<group>"; };
		30A514DD1FFEEC39004B85C4 /* PlayerTestV02.entitlements */ = {isa = PBXFileReference; lastKnownFileType = text.plist.entitlements; path = PlayerTestV02.entitlements; sourceTree = "<group>"; };
		30A514E21FFF04B9004B85C4 /* assets.xcassets */ = {isa = PBXFileReference; lastKnownFileType = folder.assetcatalog; path = assets.xcassets; sourceTree = "<group>"; };
/* End PBXFileReference section */

/* Begin PBXFrameworksBuildPhase section */
		3087A7441FFD6EE4008AD1CE /* Frameworks */ = {
			isa = PBXFrameworksBuildPhase;
			buildActionMask = 2147483647;
			files = (
			);
			runOnlyForDeploymentPostprocessing = 0;
		};
/* End PBXFrameworksBuildPhase section */

/* Begin PBXGroup section */
		3087A73E1FFD6EE4008AD1CE = {
			isa = PBXGroup;
			children = (
				3087A7491FFD6EE4008AD1CE /* PlayerTestV02 */,
				3087A7481FFD6EE4008AD1CE /* Products */,
			);
			sourceTree = "<group>";
		};
		3087A7481FFD6EE4008AD1CE /* Products */ = {
			isa = PBXGroup;
			children = (
				3087A7471FFD6EE4008AD1CE /* PlayerTestV02.app */,
			);
			name = Products;
			sourceTree = "<group>";
		};
		3087A7491FFD6EE4008AD1CE /* PlayerTestV02 */ = {
			isa = PBXGroup;
			children = (
				30A514DD1FFEEC39004B85C4 /* PlayerTestV02.entitlements */,
				30A514DC1FFEC9E3004B85C4 /* PlayerTestV02-Bridging-Header.h */,
				3087A7681FFD815D008AD1CE /* public_html */,
				3087A74A1FFD6EE4008AD1CE /* AppDelegate.swift */,
				3087A74C1FFD6EE4008AD1CE /* ViewController.swift */,
				3087A74E1FFD6EE4008AD1CE /* Main.storyboard */,
				3087A7561FFD6EE5008AD1CE /* LaunchScreen.storyboard */,
				3087A7591FFD6EE5008AD1CE /* Info.plist */,
				3087A7511FFD6EE4008AD1CE /* PlayerTestV02.xcdatamodeld */,
				30A514E21FFF04B9004B85C4 /* assets.xcassets */,
			);
			path = PlayerTestV02;
			sourceTree = "<group>";
		};
/* End PBXGroup section */

/* Begin PBXNativeTarget section */
		3087A7461FFD6EE4008AD1CE /* PlayerTestV02 */ = {
			isa = PBXNativeTarget;
			buildConfigurationList = 3087A75C1FFD6EE5008AD1CE /* Build configuration list for PBXNativeTarget "PlayerTestV02" */;
			buildPhases = (
				3087A7431FFD6EE4008AD1CE /* Sources */,
				3087A7441FFD6EE4008AD1CE /* Frameworks */,
				3087A7451FFD6EE4008AD1CE /* Resources */,
			);
			buildRules = (
			);
			dependencies = (
			);
			name = PlayerTestV02;
			productName = PlayerTestV02;
			productReference = 3087A7471FFD6EE4008AD1CE /* PlayerTestV02.app */;
			productType = "com.apple.product-type.application";
		};
/* End PBXNativeTarget section */

/* Begin PBXProject section */
		3087A73F1FFD6EE4008AD1CE /* Project object */ = {
			isa = PBXProject;
			attributes = {
				LastSwiftUpdateCheck = 0920;
				LastUpgradeCheck = 0920;
				ORGANIZATIONNAME = jinyaoMa;
				TargetAttributes = {
					3087A7461FFD6EE4008AD1CE = {
						CreatedOnToolsVersion = 9.2;
						ProvisioningStyle = Automatic;
						SystemCapabilities = {
							com.apple.BackgroundModes = {
								enabled = 1;
							};
							com.apple.InterAppAudio = {
								enabled = 0;
							};
						};
					};
				};
			};
			buildConfigurationList = 3087A7421FFD6EE4008AD1CE /* Build configuration list for PBXProject "PlayerTestV02" */;
			compatibilityVersion = "Xcode 8.0";
			developmentRegion = en;
			hasScannedForEncodings = 0;
			knownRegions = (
				en,
				Base,
			);
			mainGroup = 3087A73E1FFD6EE4008AD1CE;
			productRefGroup = 3087A7481FFD6EE4008AD1CE /* Products */;
			projectDirPath = "";
			projectRoot = "";
			targets = (
				3087A7461FFD6EE4008AD1CE /* PlayerTestV02 */,
			);
		};
/* End PBXProject section */

/* Begin PBXResourcesBuildPhase section */
		3087A7451FFD6EE4008AD1CE /* Resources */ = {
			isa = PBXResourcesBuildPhase;
			buildActionMask = 2147483647;
			files = (
				3087A7581FFD6EE5008AD1CE /* LaunchScreen.storyboard in Resources */,
				30A514E31FFF04B9004B85C4 /* assets.xcassets in Resources */,
				3087A7691FFD815D008AD1CE /* public_html in Resources */,
				3087A7501FFD6EE4008AD1CE /* Main.storyboard in Resources */,
			);
			runOnlyForDeploymentPostprocessing = 0;
		};
/* End PBXResourcesBuildPhase section */

/* Begin PBXSourcesBuildPhase section */
		3087A7431FFD6EE4008AD1CE /* Sources */ = {
			isa = PBXSourcesBuildPhase;
			buildActionMask = 2147483647;
			files = (
				3087A7531FFD6EE4008AD1CE /* PlayerTestV02.xcdatamodeld in Sources */,
				3087A74D1FFD6EE4008AD1CE /* ViewController.swift in Sources */,
				3087A74B1FFD6EE4008AD1CE /* AppDelegate.swift in Sources */,
			);
			runOnlyForDeploymentPostprocessing = 0;
		};
/* End PBXSourcesBuildPhase section */

/* Begin PBXVariantGroup section */
		3087A74E1FFD6EE4008AD1CE /* Main.storyboard */ = {
			isa = PBXVariantGroup;
			children = (
				3087A74F1FFD6EE4008AD1CE /* Base */,
			);
			name = Main.storyboard;
			sourceTree = "<group>";
		};
		3087A7561FFD6EE5008AD1CE /* LaunchScreen.storyboard */ = {
			isa = PBXVariantGroup;
			children = (
				3087A7571FFD6EE5008AD1CE /* Base */,
			);
			name = LaunchScreen.storyboard;
			sourceTree = "<group>";
		};
/* End PBXVariantGroup section */

/* Begin XCBuildConfiguration section */
		3087A75A1FFD6EE5008AD1CE /* Debug */ = {
			isa = XCBuildConfiguration;
			buildSettings = {
				ALWAYS_SEARCH_USER_PATHS = NO;
				CLANG_ANALYZER_NONNULL = YES;
				CLANG_ANALYZER_NUMBER_OBJECT_CONVERSION = YES_AGGRESSIVE;
				CLANG_CXX_LANGUAGE_STANDARD = "gnu++14";
				CLANG_CXX_LIBRARY = "libc++";
				CLANG_ENABLE_MODULES = YES;
				CLANG_ENABLE_OBJC_ARC = YES;
				CLANG_WARN_BLOCK_CAPTURE_AUTORELEASING = YES;
				CLANG_WARN_BOOL_CONVERSION = YES;
				CLANG_WARN_COMMA = YES;
				CLANG_WARN_CONSTANT_CONVERSION = YES;
				CLANG_WARN_DIRECT_OBJC_ISA_USAGE = YES_ERROR;
				CLANG_WARN_DOCUMENTATION_COMMENTS = YES;
				CLANG_WARN_EMPTY_BODY = YES;
				CLANG_WARN_ENUM_CONVERSION = YES;
				CLANG_WARN_INFINITE_RECURSION = YES;
				CLANG_WARN_INT_CONVERSION = YES;
				CLANG_WARN_NON_LITERAL_NULL_CONVERSION = YES;
				CLANG_WARN_OBJC_LITERAL_CONVERSION = YES;
				CLANG_WARN_OBJC_ROOT_CLASS = YES_ERROR;
				CLANG_WARN_RANGE_LOOP_ANALYSIS = YES;
				CLANG_WARN_STRICT_PROTOTYPES = YES;
				CLANG_WARN_SUSPICIOUS_MOVE = YES;
				CLANG_WARN_UNGUARDED_AVAILABILITY = YES_AGGRESSIVE;
				CLANG_WARN_UNREACHABLE_CODE = YES;
				CLANG_WARN__DUPLICATE_METHOD_MATCH = YES;
				CODE_SIGN_IDENTITY = "iPhone Developer";
				COPY_PHASE_STRIP = NO;
				DEBUG_INFORMATION_FORMAT = dwarf;
				ENABLE_STRICT_OBJC_MSGSEND = YES;
				ENABLE_TESTABILITY = YES;
				GCC_C_LANGUAGE_STANDARD = gnu11;
				GCC_DYNAMIC_NO_PIC = NO;
				GCC_NO_COMMON_BLOCKS = YES;
				GCC_OPTIMIZATION_LEVEL = 0;
				GCC_PREPROCESSOR_DEFINITIONS = (
					"DEBUG=1",
					"$(inherited)",
				);
				GCC_WARN_64_TO_32_BIT_CONVERSION = YES;
				GCC_WARN_ABOUT_RETURN_TYPE = YES_ERROR;
				GCC_WARN_UNDECLARED_SELECTOR = YES;
				GCC_WARN_UNINITIALIZED_AUTOS = YES_AGGRESSIVE;
				GCC_WARN_UNUSED_FUNCTION = YES;
				GCC_WARN_UNUSED_VARIABLE = YES;
				IPHONEOS_DEPLOYMENT_TARGET = 11.2;
				MTL_ENABLE_DEBUG_INFO = YES;
				ONLY_ACTIVE_ARCH = YES;
				SDKROOT = iphoneos;
				SWIFT_ACTIVE_COMPILATION_CONDITIONS = DEBUG;
				SWIFT_OPTIMIZATION_LEVEL = "-Onone";
			};
			name = Debug;
		};
		3087A75B1FFD6EE5008AD1CE /* Release */ = {
			isa = XCBuildConfiguration;
			buildSettings = {
				ALWAYS_SEARCH_USER_PATHS = NO;
				CLANG_ANALYZER_NONNULL = YES;
				CLANG_ANALYZER_NUMBER_OBJECT_CONVERSION = YES_AGGRESSIVE;
				CLANG_CXX_LANGUAGE_STANDARD = "gnu++14";
				CLANG_CXX_LIBRARY = "libc++";
				CLANG_ENABLE_MODULES = YES;
				CLANG_ENABLE_OBJC_ARC = YES;
				CLANG_WARN_BLOCK_CAPTURE_AUTORELEASING = YES;
				CLANG_WARN_BOOL_CONVERSION = YES;
				CLANG_WARN_COMMA = YES;
				CLANG_WARN_CONSTANT_CONVERSION = YES;
				CLANG_WARN_DIRECT_OBJC_ISA_USAGE = YES_ERROR;
				CLANG_WARN_DOCUMENTATION_COMMENTS = YES;
				CLANG_WARN_EMPTY_BODY = YES;
				CLANG_WARN_ENUM_CONVERSION = YES;
				CLANG_WARN_INFINITE_RECURSION = YES;
				CLANG_WARN_INT_CONVERSION = YES;
				CLANG_WARN_NON_LITERAL_NULL_CONVERSION = YES;
				CLANG_WARN_OBJC_LITERAL_CONVERSION = YES;
				CLANG_WARN_OBJC_ROOT_CLASS = YES_ERROR;
				CLANG_WARN_RANGE_LOOP_ANALYSIS = YES;
				CLANG_WARN_STRICT_PROTOTYPES = YES;
				CLANG_WARN_SUSPICIOUS_MOVE = YES;
				CLANG_WARN_UNGUARDED_AVAILABILITY = YES_AGGRESSIVE;
				CLANG_WARN_UNREACHABLE_CODE = YES;
				CLANG_WARN__DUPLICATE_METHOD_MATCH = YES;
				CODE_SIGN_IDENTITY = "iPhone Developer";
				COPY_PHASE_STRIP = NO;
				DEBUG_INFORMATION_FORMAT = "dwarf-with-dsym";
				ENABLE_NS_ASSERTIONS = NO;
				ENABLE_STRICT_OBJC_MSGSEND = YES;
				GCC_C_LANGUAGE_STANDARD = gnu11;
				GCC_NO_COMMON_BLOCKS = YES;
				GCC_WARN_64_TO_32_BIT_CONVERSION = YES;
				GCC_WARN_ABOUT_RETURN_TYPE = YES_ERROR;
				GCC_WARN_UNDECLARED_SELECTOR = YES;
				GCC_WARN_UNINITIALIZED_AUTOS = YES_AGGRESSIVE;
				GCC_WARN_UNUSED_FUNCTION = YES;
				GCC_WARN_UNUSED_VARIABLE = YES;
				IPHONEOS_DEPLOYMENT_TARGET = 11.2;
				MTL_ENABLE_DEBUG_INFO = NO;
				SDKROOT = iphoneos;
				SWIFT_OPTIMIZATION_LEVEL = "-Owholemodule";
				VALIDATE_PRODUCT = YES;
			};
			name = Release;
		};
		3087A75D1FFD6EE5008AD1CE /* Debug */ = {
			isa = XCBuildConfiguration;
			buildSettings = {
				ASSETCATALOG_COMPILER_APPICON_NAME = AppIcon;
				"CODE_SIGN_IDENTITY[sdk=iphoneos*]" = "iPhone Developer";
				CODE_SIGN_STYLE = Automatic;
				DEVELOPMENT_TEAM = UN43MJH79Z;
				HEADER_SEARCH_PATHS = "$(SDKROOT)/usr/include/libxml2";
				INFOPLIST_FILE = PlayerTestV02/Info.plist;
				IPHONEOS_DEPLOYMENT_TARGET = 10.3;
				LD_RUNPATH_SEARCH_PATHS = "$(inherited) @executable_path/Frameworks";
				PRODUCT_BUNDLE_IDENTIFIER = com.jinyaoMa.PlayerTestV02;
				PRODUCT_NAME = "$(TARGET_NAME)";
				PROVISIONING_PROFILE_SPECIFIER = "";
				SWIFT_OBJC_BRIDGING_HEADER = "$(SWIFT_MODULE_NAME)/PlayerTestV02-Bridging-Header.h";
				SWIFT_VERSION = 4.0;
				TARGETED_DEVICE_FAMILY = 1;
			};
			name = Debug;
		};
		3087A75E1FFD6EE5008AD1CE /* Release */ = {
			isa = XCBuildConfiguration;
			buildSettings = {
				ASSETCATALOG_COMPILER_APPICON_NAME = AppIcon;
				"CODE_SIGN_IDENTITY[sdk=iphoneos*]" = "iPhone Developer";
				CODE_SIGN_STYLE = Automatic;
				DEVELOPMENT_TEAM = UN43MJH79Z;
				HEADER_SEARCH_PATHS = "$(SDKROOT)/usr/include/libxml2";
				INFOPLIST_FILE = PlayerTestV02/Info.plist;
				IPHONEOS_DEPLOYMENT_TARGET = 10.3;
				LD_RUNPATH_SEARCH_PATHS = "$(inherited) @executable_path/Frameworks";
				PRODUCT_BUNDLE_IDENTIFIER = com.jinyaoMa.PlayerTestV02;
				PRODUCT_NAME = "$(TARGET_NAME)";
				PROVISIONING_PROFILE_SPECIFIER = "";
				SWIFT_OBJC_BRIDGING_HEADER = "$(SWIFT_MODULE_NAME)/PlayerTestV02-Bridging-Header.h";
				SWIFT_VERSION = 4.0;
				TARGETED_DEVICE_FAMILY = 1;
			};
			name = Release;
		};
/* End XCBuildConfiguration section */

/* Begin XCConfigurationList section */
		3087A7421FFD6EE4008AD1CE /* Build configuration list for PBXProject "PlayerTestV02" */ = {
			isa = XCConfigurationList;
			buildConfigurations = (
				3087A75A1FFD6EE5008AD1CE /* Debug */,
				3087A75B1FFD6EE5008AD1CE /* Release */,
			);
			defaultConfigurationIsVisible = 0;
			defaultConfigurationName = Release;
		};
		3087A75C1FFD6EE5008AD1CE /* Build configuration list for PBXNativeTarget "PlayerTestV02" */ = {
			isa = XCConfigurationList;
			buildConfigurations = (
				3087A75D1FFD6EE5008AD1CE /* Debug */,
				3087A75E1FFD6EE5008AD1CE /* Release */,
			);
			defaultConfigurationIsVisible = 0;
			defaultConfigurationName = Release;
		};
/* End XCConfigurationList section */

/* Begin XCVersionGroup section */
		3087A7511FFD6EE4008AD1CE /* PlayerTestV02.xcdatamodeld */ = {
			isa = XCVersionGroup;
			children = (
				3087A7521FFD6EE4008AD1CE /* PlayerTestV02.xcdatamodel */,
			);
			currentVersion = 3087A7521FFD6EE4008AD1CE /* PlayerTestV02.xcdatamodel */;
			path = PlayerTestV02.xcdatamodeld;
			sourceTree = "<group>";
			versionGroupType = wrapper.xcdatamodel;
		};
/* End XCVersionGroup section */
	};
	rootObject = 3087A73F1FFD6EE4008AD1CE /* Project object */;
}
